// !$*UTF8*$!
{
	archiveVersion = 1;
	classes = {
	};
	objectVersion = 46;
	objects = {

/* Begin PBXBuildFile section */
		9479A9CC1ED54AF000AEDF47 /* IngredientCell.swift in Sources */ = {isa = PBXBuildFile; fileRef = 9479A9CB1ED54AF000AEDF47 /* IngredientCell.swift */; };
		94B287E91ED5300B00695407 /* AppDelegate.swift in Sources */ = {isa = PBXBuildFile; fileRef = 94B287E81ED5300B00695407 /* AppDelegate.swift */; };
		94B287EE1ED5300B00695407 /* Main.storyboard in Resources */ = {isa = PBXBuildFile; fileRef = 94B287EC1ED5300B00695407 /* Main.storyboard */; };
		94B287F01ED5300B00695407 /* Assets.xcassets in Resources */ = {isa = PBXBuildFile; fileRef = 94B287EF1ED5300B00695407 /* Assets.xcassets */; };
		94B287F31ED5300B00695407 /* LaunchScreen.storyboard in Resources */ = {isa = PBXBuildFile; fileRef = 94B287F11ED5300B00695407 /* LaunchScreen.storyboard */; };
		94B287FE1ED5300B00695407 /* cookingCompanionTests.swift in Sources */ = {isa = PBXBuildFile; fileRef = 94B287FD1ED5300B00695407 /* cookingCompanionTests.swift */; };
		94B288091ED5300B00695407 /* cookingCompanionUITests.swift in Sources */ = {isa = PBXBuildFile; fileRef = 94B288081ED5300B00695407 /* cookingCompanionUITests.swift */; };
		94B288171ED5469700695407 /* RecipeOverviewVC.swift in Sources */ = {isa = PBXBuildFile; fileRef = 94B288161ED5469700695407 /* RecipeOverviewVC.swift */; };
		94B288191ED547E500695407 /* RecipeDetailVC.swift in Sources */ = {isa = PBXBuildFile; fileRef = 94B288181ED547E500695407 /* RecipeDetailVC.swift */; };
		94B2881B1ED548CC00695407 /* RecipeOverviewCell.swift in Sources */ = {isa = PBXBuildFile; fileRef = 94B2881A1ED548CC00695407 /* RecipeOverviewCell.swift */; };
/* End PBXBuildFile section */

/* Begin PBXContainerItemProxy section */
		94B287FA1ED5300B00695407 /* PBXContainerItemProxy */ = {
			isa = PBXContainerItemProxy;
			containerPortal = 94B287DD1ED5300B00695407 /* Project object */;
			proxyType = 1;
			remoteGlobalIDString = 94B287E41ED5300B00695407;
			remoteInfo = cookingCompanion;
		};
		94B288051ED5300B00695407 /* PBXContainerItemProxy */ = {
			isa = PBXContainerItemProxy;
			containerPortal = 94B287DD1ED5300B00695407 /* Project object */;
			proxyType = 1;
			remoteGlobalIDString = 94B287E41ED5300B00695407;
			remoteInfo = cookingCompanion;
		};
/* End PBXContainerItemProxy section */

/* Begin PBXFileReference section */
		9479A9CB1ED54AF000AEDF47 /* IngredientCell.swift */ = {isa = PBXFileReference; fileEncoding = 4; lastKnownFileType = sourcecode.swift; name = IngredientCell.swift; path = ../IngredientCell.swift; sourceTree = "<group>"; };
		94B287E51ED5300B00695407 /* cookingCompanion.app */ = {isa = PBXFileReference; explicitFileType = wrapper.application; includeInIndex = 0; path = cookingCompanion.app; sourceTree = BUILT_PRODUCTS_DIR; };
		94B287E81ED5300B00695407 /* AppDelegate.swift */ = {isa = PBXFileReference; lastKnownFileType = sourcecode.swift; path = AppDelegate.swift; sourceTree = "<group>"; };
		94B287ED1ED5300B00695407 /* Base */ = {isa = PBXFileReference; lastKnownFileType = file.storyboard; name = Base; path = Base.lproj/Main.storyboard; sourceTree = "<group>"; };
		94B287EF1ED5300B00695407 /* Assets.xcassets */ = {isa = PBXFileReference; lastKnownFileType = folder.assetcatalog; path = Assets.xcassets; sourceTree = "<group>"; };
		94B287F21ED5300B00695407 /* Base */ = {isa = PBXFileReference; lastKnownFileType = file.storyboard; name = Base; path = Base.lproj/LaunchScreen.storyboard; sourceTree = "<group>"; };
		94B287F41ED5300B00695407 /* Info.plist */ = {isa = PBXFileReference; lastKnownFileType = text.plist.xml; path = Info.plist; sourceTree = "<group>"; };
		94B287F91ED5300B00695407 /* cookingCompanionTests.xctest */ = {isa = PBXFileReference; explicitFileType = wrapper.cfbundle; includeInIndex = 0; path = cookingCompanionTests.xctest; sourceTree = BUILT_PRODUCTS_DIR; };
		94B287FD1ED5300B00695407 /* cookingCompanionTests.swift */ = {isa = PBXFileReference; lastKnownFileType = sourcecode.swift; path = cookingCompanionTests.swift; sourceTree = "<group>"; };
		94B287FF1ED5300B00695407 /* Info.plist */ = {isa = PBXFileReference; lastKnownFileType = text.plist.xml; path = Info.plist; sourceTree = "<group>"; };
		94B288041ED5300B00695407 /* cookingCompanionUITests.xctest */ = {isa = PBXFileReference; explicitFileType = wrapper.cfbundle; includeInIndex = 0; path = cookingCompanionUITests.xctest; sourceTree = BUILT_PRODUCTS_DIR; };
		94B288081ED5300B00695407 /* cookingCompanionUITests.swift */ = {isa = PBXFileReference; lastKnownFileType = sourcecode.swift; path = cookingCompanionUITests.swift; sourceTree = "<group>"; };
		94B2880A1ED5300B00695407 /* Info.plist */ = {isa = PBXFileReference; lastKnownFileType = text.plist.xml; path = Info.plist; sourceTree = "<group>"; };
		94B288161ED5469700695407 /* RecipeOverviewVC.swift */ = {isa = PBXFileReference; fileEncoding = 4; lastKnownFileType = sourcecode.swift; path = RecipeOverviewVC.swift; sourceTree = "<group>"; };
		94B288181ED547E500695407 /* RecipeDetailVC.swift */ = {isa = PBXFileReference; fileEncoding = 4; lastKnownFileType = sourcecode.swift; path = RecipeDetailVC.swift; sourceTree = "<group>"; };
		94B2881A1ED548CC00695407 /* RecipeOverviewCell.swift */ = {isa = PBXFileReference; fileEncoding = 4; lastKnownFileType = sourcecode.swift; path = RecipeOverviewCell.swift; sourceTree = "<group>"; };
/* End PBXFileReference section */

/* Begin PBXFrameworksBuildPhase section */
		94B287E21ED5300B00695407 /* Frameworks */ = {
			isa = PBXFrameworksBuildPhase;
			buildActionMask = 2147483647;
			files = (
			);
			runOnlyForDeploymentPostprocessing = 0;
		};
		94B287F61ED5300B00695407 /* Frameworks */ = {
			isa = PBXFrameworksBuildPhase;
			buildActionMask = 2147483647;
			files = (
			);
			runOnlyForDeploymentPostprocessing = 0;
		};
		94B288011ED5300B00695407 /* Frameworks */ = {
			isa = PBXFrameworksBuildPhase;
			buildActionMask = 2147483647;
			files = (
			);
			runOnlyForDeploymentPostprocessing = 0;
		};
/* End PBXFrameworksBuildPhase section */

/* Begin PBXGroup section */
		94B287DC1ED5300B00695407 = {
			isa = PBXGroup;
			children = (
				94B287E71ED5300B00695407 /* cookingCompanion */,
				94B287FC1ED5300B00695407 /* cookingCompanionTests */,
				94B288071ED5300B00695407 /* cookingCompanionUITests */,
				94B287E61ED5300B00695407 /* Products */,
			);
			sourceTree = "<group>";
		};
		94B287E61ED5300B00695407 /* Products */ = {
			isa = PBXGroup;
			children = (
				94B287E51ED5300B00695407 /* cookingCompanion.app */,
				94B287F91ED5300B00695407 /* cookingCompanionTests.xctest */,
				94B288041ED5300B00695407 /* cookingCompanionUITests.xctest */,
			);
			name = Products;
			sourceTree = "<group>";
		};
		94B287E71ED5300B00695407 /* cookingCompanion */ = {
			isa = PBXGroup;
			children = (
				94B287E81ED5300B00695407 /* AppDelegate.swift */,
				94B287EC1ED5300B00695407 /* Main.storyboard */,
				94B288161ED5469700695407 /* RecipeOverviewVC.swift */,
				94B2881A1ED548CC00695407 /* RecipeOverviewCell.swift */,
				94B288181ED547E500695407 /* RecipeDetailVC.swift */,
				9479A9CB1ED54AF000AEDF47 /* IngredientCell.swift */,
				94B287EF1ED5300B00695407 /* Assets.xcassets */,
				94B287F11ED5300B00695407 /* LaunchScreen.storyboard */,
				94B287F41ED5300B00695407 /* Info.plist */,
			);
			path = cookingCompanion;
			sourceTree = "<group>";
		};
		94B287FC1ED5300B00695407 /* cookingCompanionTests */ = {
			isa = PBXGroup;
			children = (
				94B287FD1ED5300B00695407 /* cookingCompanionTests.swift */,
				94B287FF1ED5300B00695407 /* Info.plist */,
			);
			path = cookingCompanionTests;
			sourceTree = "<group>";
		};
		94B288071ED5300B00695407 /* cookingCompanionUITests */ = {
			isa = PBXGroup;
			children = (
				94B288081ED5300B00695407 /* cookingCompanionUITests.swift */,
				94B2880A1ED5300B00695407 /* Info.plist */,
			);
			path = cookingCompanionUITests;
			sourceTree = "<group>";
		};
/* End PBXGroup section */

/* Begin PBXNativeTarget section */
		94B287E41ED5300B00695407 /* cookingCompanion */ = {
			isa = PBXNativeTarget;
			buildConfigurationList = 94B2880D1ED5300B00695407 /* Build configuration list for PBXNativeTarget "cookingCompanion" */;
			buildPhases = (
				94B287E11ED5300B00695407 /* Sources */,
				94B287E21ED5300B00695407 /* Frameworks */,
				94B287E31ED5300B00695407 /* Resources */,
			);
			buildRules = (
			);
			dependencies = (
			);
			name = cookingCompanion;
			productName = cookingCompanion;
			productReference = 94B287E51ED5300B00695407 /* cookingCompanion.app */;
			productType = "com.apple.product-type.application";
		};
		94B287F81ED5300B00695407 /* cookingCompanionTests */ = {
			isa = PBXNativeTarget;
			buildConfigurationList = 94B288101ED5300B00695407 /* Build configuration list for PBXNativeTarget "cookingCompanionTests" */;
			buildPhases = (
				94B287F51ED5300B00695407 /* Sources */,
				94B287F61ED5300B00695407 /* Frameworks */,
				94B287F71ED5300B00695407 /* Resources */,
			);
			buildRules = (
			);
			dependencies = (
				94B287FB1ED5300B00695407 /* PBXTargetDependency */,
			);
			name = cookingCompanionTests;
			productName = cookingCompanionTests;
			productReference = 94B287F91ED5300B00695407 /* cookingCompanionTests.xctest */;
			productType = "com.apple.product-type.bundle.unit-test";
		};
		94B288031ED5300B00695407 /* cookingCompanionUITests */ = {
			isa = PBXNativeTarget;
			buildConfigurationList = 94B288131ED5300B00695407 /* Build configuration list for PBXNativeTarget "cookingCompanionUITests" */;
			buildPhases = (
				94B288001ED5300B00695407 /* Sources */,
				94B288011ED5300B00695407 /* Frameworks */,
				94B288021ED5300B00695407 /* Resources */,
			);
			buildRules = (
			);
			dependencies = (
				94B288061ED5300B00695407 /* PBXTargetDependency */,
			);
			name = cookingCompanionUITests;
			productName = cookingCompanionUITests;
			productReference = 94B288041ED5300B00695407 /* cookingCompanionUITests.xctest */;
			productType = "com.apple.product-type.bundle.ui-testing";
		};
/* End PBXNativeTarget section */

/* Begin PBXProject section */
		94B287DD1ED5300B00695407 /* Project object */ = {
			isa = PBXProject;
			attributes = {
				LastSwiftUpdateCheck = 0830;
				LastUpgradeCheck = 0830;
				ORGANIZATIONNAME = "Raymond Kim";
				TargetAttributes = {
					94B287E41ED5300B00695407 = {
						CreatedOnToolsVersion = 8.3;
						ProvisioningStyle = Automatic;
					};
					94B287F81ED5300B00695407 = {
						CreatedOnToolsVersion = 8.3;
						ProvisioningStyle = Automatic;
						TestTargetID = 94B287E41ED5300B00695407;
					};
					94B288031ED5300B00695407 = {
						CreatedOnToolsVersion = 8.3;
						ProvisioningStyle = Automatic;
						TestTargetID = 94B287E41ED5300B00695407;
					};
				};
			};
			buildConfigurationList = 94B287E01ED5300B00695407 /* Build configuration list for PBXProject "cookingCompanion" */;
			compatibilityVersion = "Xcode 3.2";
			developmentRegion = English;
			hasScannedForEncodings = 0;
			knownRegions = (
				en,
				Base,
			);
			mainGroup = 94B287DC1ED5300B00695407;
			productRefGroup = 94B287E61ED5300B00695407 /* Products */;
			projectDirPath = "";
			projectRoot = "";
			targets = (
				94B287E41ED5300B00695407 /* cookingCompanion */,
				94B287F81ED5300B00695407 /* cookingCompanionTests */,
				94B288031ED5300B00695407 /* cookingCompanionUITests */,
			);
		};
/* End PBXProject section */

/* Begin PBXResourcesBuildPhase section */
		94B287E31ED5300B00695407 /* Resources */ = {
			isa = PBXResourcesBuildPhase;
			buildActionMask = 2147483647;
			files = (
				94B287F31ED5300B00695407 /* LaunchScreen.storyboard in Resources */,
				94B287F01ED5300B00695407 /* Assets.xcassets in Resources */,
				94B287EE1ED5300B00695407 /* Main.storyboard in Resources */,
			);
			runOnlyForDeploymentPostprocessing = 0;
		};
		94B287F71ED5300B00695407 /* Resources */ = {
			isa = PBXResourcesBuildPhase;
			buildActionMask = 2147483647;
			files = (
			);
			runOnlyForDeploymentPostprocessing = 0;
		};
		94B288021ED5300B00695407 /* Resources */ = {
			isa = PBXResourcesBuildPhase;
			buildActionMask = 2147483647;
			files = (
			);
			runOnlyForDeploymentPostprocessing = 0;
		};
/* End PBXResourcesBuildPhase section */

/* Begin PBXSourcesBuildPhase section */
		94B287E11ED5300B00695407 /* Sources */ = {
			isa = PBXSourcesBuildPhase;
			buildActionMask = 2147483647;
			files = (
				94B288171ED5469700695407 /* RecipeOverviewVC.swift in Sources */,
				9479A9CC1ED54AF000AEDF47 /* IngredientCell.swift in Sources */,
				94B287E91ED5300B00695407 /* AppDelegate.swift in Sources */,
				94B2881B1ED548CC00695407 /* RecipeOverviewCell.swift in Sources */,
				94B288191ED547E500695407 /* RecipeDetailVC.swift in Sources */,
			);
			runOnlyForDeploymentPostprocessing = 0;
		};
		94B287F51ED5300B00695407 /* Sources */ = {
			isa = PBXSourcesBuildPhase;
			buildActionMask = 2147483647;
			files = (
				94B287FE1ED5300B00695407 /* cookingCompanionTests.swift in Sources */,
			);
			runOnlyForDeploymentPostprocessing = 0;
		};
		94B288001ED5300B00695407 /* Sources */ = {
			isa = PBXSourcesBuildPhase;
			buildActionMask = 2147483647;
			files = (
				94B288091ED5300B00695407 /* cookingCompanionUITests.swift in Sources */,
			);
			runOnlyForDeploymentPostprocessing = 0;
		};
/* End PBXSourcesBuildPhase section */

/* Begin PBXTargetDependency section */
		94B287FB1ED5300B00695407 /* PBXTargetDependency */ = {
			isa = PBXTargetDependency;
			target = 94B287E41ED5300B00695407 /* cookingCompanion */;
			targetProxy = 94B287FA1ED5300B00695407 /* PBXContainerItemProxy */;
		};
		94B288061ED5300B00695407 /* PBXTargetDependency */ = {
			isa = PBXTargetDependency;
			target = 94B287E41ED5300B00695407 /* cookingCompanion */;
			targetProxy = 94B288051ED5300B00695407 /* PBXContainerItemProxy */;
		};
/* End PBXTargetDependency section */

/* Begin PBXVariantGroup section */
		94B287EC1ED5300B00695407 /* Main.storyboard */ = {
			isa = PBXVariantGroup;
			children = (
				94B287ED1ED5300B00695407 /* Base */,
			);
			name = Main.storyboard;
			sourceTree = "<group>";
		};
		94B287F11ED5300B00695407 /* LaunchScreen.storyboard */ = {
			isa = PBXVariantGroup;
			children = (
				94B287F21ED5300B00695407 /* Base */,
			);
			name = LaunchScreen.storyboard;
			sourceTree = "<group>";
		};
/* End PBXVariantGroup section */

/* Begin XCBuildConfiguration section */
		94B2880B1ED5300B00695407 /* Debug */ = {
			isa = XCBuildConfiguration;
			buildSettings = {
				ALWAYS_SEARCH_USER_PATHS = NO;
				CLANG_ANALYZER_NONNULL = YES;
				CLANG_ANALYZER_NUMBER_OBJECT_CONVERSION = YES_AGGRESSIVE;
				CLANG_CXX_LANGUAGE_STANDARD = "gnu++0x";
				CLANG_CXX_LIBRARY = "libc++";
				CLANG_ENABLE_MODULES = YES;
				CLANG_ENABLE_OBJC_ARC = YES;
				CLANG_WARN_BOOL_CONVERSION = YES;
				CLANG_WARN_CONSTANT_CONVERSION = YES;
				CLANG_WARN_DIRECT_OBJC_ISA_USAGE = YES_ERROR;
				CLANG_WARN_DOCUMENTATION_COMMENTS = YES;
				CLANG_WARN_EMPTY_BODY = YES;
				CLANG_WARN_ENUM_CONVERSION = YES;
				CLANG_WARN_INFINITE_RECURSION = YES;
				CLANG_WARN_INT_CONVERSION = YES;
				CLANG_WARN_OBJC_ROOT_CLASS = YES_ERROR;
				CLANG_WARN_SUSPICIOUS_MOVE = YES;
				CLANG_WARN_UNREACHABLE_CODE = YES;
				CLANG_WARN__DUPLICATE_METHOD_MATCH = YES;
				"CODE_SIGN_IDENTITY[sdk=iphoneos*]" = "iPhone Developer";
				COPY_PHASE_STRIP = NO;
				DEBUG_INFORMATION_FORMAT = dwarf;
				ENABLE_STRICT_OBJC_MSGSEND = YES;
				ENABLE_TESTABILITY = YES;
				GCC_C_LANGUAGE_STANDARD = gnu99;
				GCC_DYNAMIC_NO_PIC = NO;
				GCC_NO_COMMON_BLOCKS = YES;
				GCC_OPTIMIZATION_LEVEL = 0;
				GCC_PREPROCESSOR_DEFINITIONS = (
					"DEBUG=1",
					"$(inherited)",
				);
				GCC_WARN_64_TO_32_BIT_CONVERSION = YES;
				GCC_WARN_ABOUT_RETURN_TYPE = YES_ERROR;
				GCC_WARN_UNDECLARED_SELECTOR = YES;
				GCC_WARN_UNINITIALIZED_AUTOS = YES_AGGRESSIVE;
				GCC_WARN_UNUSED_FUNCTION = YES;
				GCC_WARN_UNUSED_VARIABLE = YES;
				IPHONEOS_DEPLOYMENT_TARGET = 10.3;
				MTL_ENABLE_DEBUG_INFO = YES;
				ONLY_ACTIVE_ARCH = YES;
				SDKROOT = iphoneos;
				SWIFT_ACTIVE_COMPILATION_CONDITIONS = DEBUG;
				SWIFT_OPTIMIZATION_LEVEL = "-Onone";
				TARGETED_DEVICE_FAMILY = "1,2";
			};
			name = Debug;
		};
		94B2880C1ED5300B00695407 /* Release */ = {
			isa = XCBuildConfiguration;
			buildSettings = {
				ALWAYS_SEARCH_USER_PATHS = NO;
				CLANG_ANALYZER_NONNULL = YES;
				CLANG_ANALYZER_NUMBER_OBJECT_CONVERSION = YES_AGGRESSIVE;
				CLANG_CXX_LANGUAGE_STANDARD = "gnu++0x";
				CLANG_CXX_LIBRARY = "libc++";
				CLANG_ENABLE_MODULES = YES;
				CLANG_ENABLE_OBJC_ARC = YES;
				CLANG_WARN_BOOL_CONVERSION = YES;
				CLANG_WARN_CONSTANT_CONVERSION = YES;
				CLANG_WARN_DIRECT_OBJC_ISA_USAGE = YES_ERROR;
				CLANG_WARN_DOCUMENTATION_COMMENTS = YES;
				CLANG_WARN_EMPTY_BODY = YES;
				CLANG_WARN_ENUM_CONVERSION = YES;
				CLANG_WARN_INFINITE_RECURSION = YES;
				CLANG_WARN_INT_CONVERSION = YES;
				CLANG_WARN_OBJC_ROOT_CLASS = YES_ERROR;
				CLANG_WARN_SUSPICIOUS_MOVE = YES;
				CLANG_WARN_UNREACHABLE_CODE = YES;
				CLANG_WARN__DUPLICATE_METHOD_MATCH = YES;
				"CODE_SIGN_IDENTITY[sdk=iphoneos*]" = "iPhone Developer";
				COPY_PHASE_STRIP = NO;
				DEBUG_INFORMATION_FORMAT = "dwarf-with-dsym";
				ENABLE_NS_ASSERTIONS = NO;
				ENABLE_STRICT_OBJC_MSGSEND = YES;
				GCC_C_LANGUAGE_STANDARD = gnu99;
				GCC_NO_COMMON_BLOCKS = YES;
				GCC_WARN_64_TO_32_BIT_CONVERSION = YES;
				GCC_WARN_ABOUT_RETURN_TYPE = YES_ERROR;
				GCC_WARN_UNDECLARED_SELECTOR = YES;
				GCC_WARN_UNINITIALIZED_AUTOS = YES_AGGRESSIVE;
				GCC_WARN_UNUSED_FUNCTION = YES;
				GCC_WARN_UNUSED_VARIABLE = YES;
				IPHONEOS_DEPLOYMENT_TARGET = 10.3;
				MTL_ENABLE_DEBUG_INFO = NO;
				SDKROOT = iphoneos;
				SWIFT_OPTIMIZATION_LEVEL = "-Owholemodule";
				TARGETED_DEVICE_FAMILY = "1,2";
				VALIDATE_PRODUCT = YES;
			};
			name = Release;
		};
		94B2880E1ED5300B00695407 /* Debug */ = {
			isa = XCBuildConfiguration;
			buildSettings = {
				ASSETCATALOG_COMPILER_APPICON_NAME = AppIcon;
				INFOPLIST_FILE = cookingCompanion/Info.plist;
				LD_RUNPATH_SEARCH_PATHS = "$(inherited) @executable_path/Frameworks";
				PRODUCT_BUNDLE_IDENTIFIER = edu.self.cookingCompanion;
				PRODUCT_NAME = "$(TARGET_NAME)";
				SWIFT_VERSION = 3.0;
			};
			name = Debug;
		};
		94B2880F1ED5300B00695407 /* Release */ = {
			isa = XCBuildConfiguration;
			buildSettings = {
				ASSETCATALOG_COMPILER_APPICON_NAME = AppIcon;
				INFOPLIST_FILE = cookingCompanion/Info.plist;
				LD_RUNPATH_SEARCH_PATHS = "$(inherited) @executable_path/Frameworks";
				PRODUCT_BUNDLE_IDENTIFIER = edu.self.cookingCompanion;
				PRODUCT_NAME = "$(TARGET_NAME)";
				SWIFT_VERSION = 3.0;
			};
			name = Release;
		};
		94B288111ED5300B00695407 /* Debug */ = {
			isa = XCBuildConfiguration;
			buildSettings = {
				ALWAYS_EMBED_SWIFT_STANDARD_LIBRARIES = YES;
				BUNDLE_LOADER = "$(TEST_HOST)";
				INFOPLIST_FILE = cookingCompanionTests/Info.plist;
				LD_RUNPATH_SEARCH_PATHS = "$(inherited) @executable_path/Frameworks @loader_path/Frameworks";
				PRODUCT_BUNDLE_IDENTIFIER = edu.self.cookingCompanionTests;
				PRODUCT_NAME = "$(TARGET_NAME)";
				SWIFT_VERSION = 3.0;
				TEST_HOST = "$(BUILT_PRODUCTS_DIR)/cookingCompanion.app/cookingCompanion";
			};
			name = Debug;
		};
		94B288121ED5300B00695407 /* Release */ = {
			isa = XCBuildConfiguration;
			buildSettings = {
				ALWAYS_EMBED_SWIFT_STANDARD_LIBRARIES = YES;
				BUNDLE_LOADER = "$(TEST_HOST)";
				INFOPLIST_FILE = cookingCompanionTests/Info.plist;
				LD_RUNPATH_SEARCH_PATHS = "$(inherited) @executable_path/Frameworks @loader_path/Frameworks";
				PRODUCT_BUNDLE_IDENTIFIER = edu.self.cookingCompanionTests;
				PRODUCT_NAME = "$(TARGET_NAME)";
				SWIFT_VERSION = 3.0;
				TEST_HOST = "$(BUILT_PRODUCTS_DIR)/cookingCompanion.app/cookingCompanion";
			};
			name = Release;
		};
		94B288141ED5300B00695407 /* Debug */ = {
			isa = XCBuildConfiguration;
			buildSettings = {
				ALWAYS_EMBED_SWIFT_STANDARD_LIBRARIES = YES;
				INFOPLIST_FILE = cookingCompanionUITests/Info.plist;
				LD_RUNPATH_SEARCH_PATHS = "$(inherited) @executable_path/Frameworks @loader_path/Frameworks";
				PRODUCT_BUNDLE_IDENTIFIER = edu.self.cookingCompanionUITests;
				PRODUCT_NAME = "$(TARGET_NAME)";
				SWIFT_VERSION = 3.0;
				TEST_TARGET_NAME = cookingCompanion;
			};
			name = Debug;
		};
		94B288151ED5300B00695407 /* Release */ = {
			isa = XCBuildConfiguration;
			buildSettings = {
				ALWAYS_EMBED_SWIFT_STANDARD_LIBRARIES = YES;
				INFOPLIST_FILE = cookingCompanionUITests/Info.plist;
				LD_RUNPATH_SEARCH_PATHS = "$(inherited) @executable_path/Frameworks @loader_path/Frameworks";
				PRODUCT_BUNDLE_IDENTIFIER = edu.self.cookingCompanionUITests;
				PRODUCT_NAME = "$(TARGET_NAME)";
				SWIFT_VERSION = 3.0;
				TEST_TARGET_NAME = cookingCompanion;
			};
			name = Release;
		};
/* End XCBuildConfiguration section */

/* Begin XCConfigurationList section */
		94B287E01ED5300B00695407 /* Build configuration list for PBXProject "cookingCompanion" */ = {
			isa = XCConfigurationList;
			buildConfigurations = (
				94B2880B1ED5300B00695407 /* Debug */,
				94B2880C1ED5300B00695407 /* Release */,
			);
			defaultConfigurationIsVisible = 0;
			defaultConfigurationName = Release;
		};
		94B2880D1ED5300B00695407 /* Build configuration list for PBXNativeTarget "cookingCompanion" */ = {
			isa = XCConfigurationList;
			buildConfigurations = (
				94B2880E1ED5300B00695407 /* Debug */,
				94B2880F1ED5300B00695407 /* Release */,
			);
			defaultConfigurationIsVisible = 0;
			defaultConfigurationName = Release;
		};
		94B288101ED5300B00695407 /* Build configuration list for PBXNativeTarget "cookingCompanionTests" */ = {
			isa = XCConfigurationList;
			buildConfigurations = (
				94B288111ED5300B00695407 /* Debug */,
				94B288121ED5300B00695407 /* Release */,
			);
			defaultConfigurationIsVisible = 0;
			defaultConfigurationName = Release;
		};
		94B288131ED5300B00695407 /* Build configuration list for PBXNativeTarget "cookingCompanionUITests" */ = {
			isa = XCConfigurationList;
			buildConfigurations = (
				94B288141ED5300B00695407 /* Debug */,
				94B288151ED5300B00695407 /* Release */,
			);
			defaultConfigurationIsVisible = 0;
			defaultConfigurationName = Release;
		};
/* End XCConfigurationList section */
	};
	rootObject = 94B287DD1ED5300B00695407 /* Project object */;
}
